// !$*UTF8*$!
{
	archiveVersion = 1;
	classes = {
	};
	objectVersion = 55;
	objects = {

/* Begin PBXBuildFile section */
		64F88B89287266AB00C1008A /* AnimatedApp.swift in Sources */ = {isa = PBXBuildFile; fileRef = 64F88B88287266AB00C1008A /* AnimatedApp.swift */; };
		64F88B8B287266AB00C1008A /* ContentView.swift in Sources */ = {isa = PBXBuildFile; fileRef = 64F88B8A287266AB00C1008A /* ContentView.swift */; };
		64F88B8D287266AE00C1008A /* Assets.xcassets in Resources */ = {isa = PBXBuildFile; fileRef = 64F88B8C287266AE00C1008A /* Assets.xcassets */; };
		64F88B90287266AE00C1008A /* Preview Assets.xcassets in Resources */ = {isa = PBXBuildFile; fileRef = 64F88B8F287266AE00C1008A /* Preview Assets.xcassets */; };
		64F88B9E2872690C00C1008A /* house.riv in Resources */ = {isa = PBXBuildFile; fileRef = 64F88B972872690C00C1008A /* house.riv */; };
		64F88B9F2872690C00C1008A /* confetti.riv in Resources */ = {isa = PBXBuildFile; fileRef = 64F88B982872690C00C1008A /* confetti.riv */; };
		64F88BA02872690C00C1008A /* check.riv in Resources */ = {isa = PBXBuildFile; fileRef = 64F88B992872690C00C1008A /* check.riv */; };
		64F88BA12872690C00C1008A /* menu_button.riv in Resources */ = {isa = PBXBuildFile; fileRef = 64F88B9A2872690C00C1008A /* menu_button.riv */; };
		64F88BA22872690C00C1008A /* shapes.riv in Resources */ = {isa = PBXBuildFile; fileRef = 64F88B9B2872690C00C1008A /* shapes.riv */; };
		64F88BA32872690C00C1008A /* button.riv in Resources */ = {isa = PBXBuildFile; fileRef = 64F88B9C2872690C00C1008A /* button.riv */; };
		64F88BA42872690C00C1008A /* icons.riv in Resources */ = {isa = PBXBuildFile; fileRef = 64F88B9D2872690C00C1008A /* icons.riv */; };
		64F88BA7287269A800C1008A /* RiveRuntime in Frameworks */ = {isa = PBXBuildFile; productRef = 64F88BA6287269A800C1008A /* RiveRuntime */; };
		64F88BA9287269CD00C1008A /* OnBoardingView.swift in Sources */ = {isa = PBXBuildFile; fileRef = 64F88BA8287269CD00C1008A /* OnBoardingView.swift */; };
		64F88BAE2872B9D000C1008A /* Inter-Regular.ttf in Resources */ = {isa = PBXBuildFile; fileRef = 64F88BAB2872B9D000C1008A /* Inter-Regular.ttf */; };
		64F88BAF2872B9D000C1008A /* Poppins-Bold.ttf in Resources */ = {isa = PBXBuildFile; fileRef = 64F88BAC2872B9D000C1008A /* Poppins-Bold.ttf */; };
		64F88BB02872B9D000C1008A /* Inter-SemiBold.ttf in Resources */ = {isa = PBXBuildFile; fileRef = 64F88BAD2872B9D000C1008A /* Inter-SemiBold.ttf */; };
		64F88BB32872C50200C1008A /* CustomFont.swift in Sources */ = {isa = PBXBuildFile; fileRef = 64F88BB22872C50200C1008A /* CustomFont.swift */; };
/* End PBXBuildFile section */

/* Begin PBXFileReference section */
		64F88B85287266AB00C1008A /* Animated.app */ = {isa = PBXFileReference; explicitFileType = wrapper.application; includeInIndex = 0; path = Animated.app; sourceTree = BUILT_PRODUCTS_DIR; };
		64F88B88287266AB00C1008A /* AnimatedApp.swift */ = {isa = PBXFileReference; lastKnownFileType = sourcecode.swift; path = AnimatedApp.swift; sourceTree = "<group>"; };
		64F88B8A287266AB00C1008A /* ContentView.swift */ = {isa = PBXFileReference; lastKnownFileType = sourcecode.swift; path = ContentView.swift; sourceTree = "<group>"; };
		64F88B8C287266AE00C1008A /* Assets.xcassets */ = {isa = PBXFileReference; lastKnownFileType = folder.assetcatalog; path = Assets.xcassets; sourceTree = "<group>"; };
		64F88B8F287266AE00C1008A /* Preview Assets.xcassets */ = {isa = PBXFileReference; lastKnownFileType = folder.assetcatalog; path = "Preview Assets.xcassets"; sourceTree = "<group>"; };
		64F88B972872690C00C1008A /* house.riv */ = {isa = PBXFileReference; lastKnownFileType = file; path = house.riv; sourceTree = "<group>"; };
		64F88B982872690C00C1008A /* confetti.riv */ = {isa = PBXFileReference; lastKnownFileType = file; path = confetti.riv; sourceTree = "<group>"; };
		64F88B992872690C00C1008A /* check.riv */ = {isa = PBXFileReference; lastKnownFileType = file; path = check.riv; sourceTree = "<group>"; };
		64F88B9A2872690C00C1008A /* menu_button.riv */ = {isa = PBXFileReference; lastKnownFileType = file; path = menu_button.riv; sourceTree = "<group>"; };
		64F88B9B2872690C00C1008A /* shapes.riv */ = {isa = PBXFileReference; lastKnownFileType = file; path = shapes.riv; sourceTree = "<group>"; };
		64F88B9C2872690C00C1008A /* button.riv */ = {isa = PBXFileReference; lastKnownFileType = file; path = button.riv; sourceTree = "<group>"; };
		64F88B9D2872690C00C1008A /* icons.riv */ = {isa = PBXFileReference; lastKnownFileType = file; path = icons.riv; sourceTree = "<group>"; };
		64F88BA8287269CD00C1008A /* OnBoardingView.swift */ = {isa = PBXFileReference; lastKnownFileType = sourcecode.swift; path = OnBoardingView.swift; sourceTree = "<group>"; };
		64F88BAB2872B9D000C1008A /* Inter-Regular.ttf */ = {isa = PBXFileReference; lastKnownFileType = file; path = "Inter-Regular.ttf"; sourceTree = "<group>"; };
		64F88BAC2872B9D000C1008A /* Poppins-Bold.ttf */ = {isa = PBXFileReference; lastKnownFileType = file; path = "Poppins-Bold.ttf"; sourceTree = "<group>"; };
		64F88BAD2872B9D000C1008A /* Inter-SemiBold.ttf */ = {isa = PBXFileReference; lastKnownFileType = file; path = "Inter-SemiBold.ttf"; sourceTree = "<group>"; };
		64F88BB12872C31C00C1008A /* Info.plist */ = {isa = PBXFileReference; lastKnownFileType = text.plist; path = Info.plist; sourceTree = "<group>"; };
		64F88BB22872C50200C1008A /* CustomFont.swift */ = {isa = PBXFileReference; lastKnownFileType = sourcecode.swift; path = CustomFont.swift; sourceTree = "<group>"; };
/* End PBXFileReference section */

/* Begin PBXFrameworksBuildPhase section */
		64F88B82287266AB00C1008A /* Frameworks */ = {
			isa = PBXFrameworksBuildPhase;
			buildActionMask = 2147483647;
			files = (
				64F88BA7287269A800C1008A /* RiveRuntime in Frameworks */,
			);
			runOnlyForDeploymentPostprocessing = 0;
		};
/* End PBXFrameworksBuildPhase section */

/* Begin PBXGroup section */
		64F88B7C287266AB00C1008A = {
			isa = PBXGroup;
			children = (
				64F88B87287266AB00C1008A /* Animated */,
				64F88B86287266AB00C1008A /* Products */,
			);
			sourceTree = "<group>";
		};
		64F88B86287266AB00C1008A /* Products */ = {
			isa = PBXGroup;
			children = (
				64F88B85287266AB00C1008A /* Animated.app */,
			);
			name = Products;
			sourceTree = "<group>";
		};
		64F88B87287266AB00C1008A /* Animated */ = {
			isa = PBXGroup;
			children = (
				64F88BB12872C31C00C1008A /* Info.plist */,
				64F88B88287266AB00C1008A /* AnimatedApp.swift */,
				64F88B8A287266AB00C1008A /* ContentView.swift */,
				64F88BA8287269CD00C1008A /* OnBoardingView.swift */,
				64F88BB22872C50200C1008A /* CustomFont.swift */,
				64F88B8C287266AE00C1008A /* Assets.xcassets */,
				64F88BAA2872B9D000C1008A /* Fonts */,
				64F88B962872690C00C1008A /* RiveAssets */,
				64F88B8E287266AE00C1008A /* Preview Content */,
			);
			path = Animated;
			sourceTree = "<group>";
		};
		64F88B8E287266AE00C1008A /* Preview Content */ = {
			isa = PBXGroup;
			children = (
				64F88B8F287266AE00C1008A /* Preview Assets.xcassets */,
			);
			path = "Preview Content";
			sourceTree = "<group>";
		};
		64F88B962872690C00C1008A /* RiveAssets */ = {
			isa = PBXGroup;
			children = (
				64F88B972872690C00C1008A /* house.riv */,
				64F88B982872690C00C1008A /* confetti.riv */,
				64F88B992872690C00C1008A /* check.riv */,
				64F88B9A2872690C00C1008A /* menu_button.riv */,
				64F88B9B2872690C00C1008A /* shapes.riv */,
				64F88B9C2872690C00C1008A /* button.riv */,
				64F88B9D2872690C00C1008A /* icons.riv */,
			);
			path = RiveAssets;
			sourceTree = "<group>";
		};
		64F88BAA2872B9D000C1008A /* Fonts */ = {
			isa = PBXGroup;
			children = (
				64F88BAB2872B9D000C1008A /* Inter-Regular.ttf */,
				64F88BAC2872B9D000C1008A /* Poppins-Bold.ttf */,
				64F88BAD2872B9D000C1008A /* Inter-SemiBold.ttf */,
			);
			path = Fonts;
			sourceTree = "<group>";
		};
/* End PBXGroup section */

/* Begin PBXNativeTarget section */
		64F88B84287266AB00C1008A /* Animated */ = {
			isa = PBXNativeTarget;
			buildConfigurationList = 64F88B93287266AE00C1008A /* Build configuration list for PBXNativeTarget "Animated" */;
			buildPhases = (
				64F88B81287266AB00C1008A /* Sources */,
				64F88B82287266AB00C1008A /* Frameworks */,
				64F88B83287266AB00C1008A /* Resources */,
			);
			buildRules = (
			);
			dependencies = (
			);
			name = Animated;
			packageProductDependencies = (
				64F88BA6287269A800C1008A /* RiveRuntime */,
			);
			productName = Animated;
			productReference = 64F88B85287266AB00C1008A /* Animated.app */;
			productType = "com.apple.product-type.application";
		};
/* End PBXNativeTarget section */

/* Begin PBXProject section */
		64F88B7D287266AB00C1008A /* Project object */ = {
			isa = PBXProject;
			attributes = {
				BuildIndependentTargetsInParallel = 1;
				LastSwiftUpdateCheck = 1340;
				LastUpgradeCheck = 1340;
				TargetAttributes = {
					64F88B84287266AB00C1008A = {
						CreatedOnToolsVersion = 13.4.1;
					};
				};
			};
			buildConfigurationList = 64F88B80287266AB00C1008A /* Build configuration list for PBXProject "Animated" */;
			compatibilityVersion = "Xcode 13.0";
			developmentRegion = en;
			hasScannedForEncodings = 0;
			knownRegions = (
				en,
				Base,
			);
			mainGroup = 64F88B7C287266AB00C1008A;
			packageReferences = (
				64F88BA5287269A800C1008A /* XCRemoteSwiftPackageReference "rive-ios" */,
			);
			productRefGroup = 64F88B86287266AB00C1008A /* Products */;
			projectDirPath = "";
			projectRoot = "";
			targets = (
				64F88B84287266AB00C1008A /* Animated */,
			);
		};
/* End PBXProject section */

/* Begin PBXResourcesBuildPhase section */
		64F88B83287266AB00C1008A /* Resources */ = {
			isa = PBXResourcesBuildPhase;
			buildActionMask = 2147483647;
			files = (
				64F88BB02872B9D000C1008A /* Inter-SemiBold.ttf in Resources */,
				64F88BA22872690C00C1008A /* shapes.riv in Resources */,
				64F88BA02872690C00C1008A /* check.riv in Resources */,
				64F88B90287266AE00C1008A /* Preview Assets.xcassets in Resources */,
				64F88BA12872690C00C1008A /* menu_button.riv in Resources */,
				64F88B9E2872690C00C1008A /* house.riv in Resources */,
				64F88BA32872690C00C1008A /* button.riv in Resources */,
				64F88BAE2872B9D000C1008A /* Inter-Regular.ttf in Resources */,
				64F88BAF2872B9D000C1008A /* Poppins-Bold.ttf in Resources */,
				64F88B8D287266AE00C1008A /* Assets.xcassets in Resources */,
				64F88B9F2872690C00C1008A /* confetti.riv in Resources */,
				64F88BA42872690C00C1008A /* icons.riv in Resources */,
			);
			runOnlyForDeploymentPostprocessing = 0;
		};
/* End PBXResourcesBuildPhase section */

/* Begin PBXSourcesBuildPhase section */
		64F88B81287266AB00C1008A /* Sources */ = {
			isa = PBXSourcesBuildPhase;
			buildActionMask = 2147483647;
			files = (
				64F88BA9287269CD00C1008A /* OnBoardingView.swift in Sources */,
				64F88BB32872C50200C1008A /* CustomFont.swift in Sources */,
				64F88B8B287266AB00C1008A /* ContentView.swift in Sources */,
				64F88B89287266AB00C1008A /* AnimatedApp.swift in Sources */,
			);
			runOnlyForDeploymentPostprocessing = 0;
		};
/* End PBXSourcesBuildPhase section */

/* Begin XCBuildConfiguration section */
		64F88B91287266AE00C1008A /* Debug */ = {
			isa = XCBuildConfiguration;
			buildSettings = {
				ALWAYS_SEARCH_USER_PATHS = NO;
				CLANG_ANALYZER_NONNULL = YES;
				CLANG_ANALYZER_NUMBER_OBJECT_CONVERSION = YES_AGGRESSIVE;
				CLANG_CXX_LANGUAGE_STANDARD = "gnu++17";
				CLANG_ENABLE_MODULES = YES;
				CLANG_ENABLE_OBJC_ARC = YES;
				CLANG_ENABLE_OBJC_WEAK = YES;
				CLANG_WARN_BLOCK_CAPTURE_AUTORELEASING = YES;
				CLANG_WARN_BOOL_CONVERSION = YES;
				CLANG_WARN_COMMA = YES;
				CLANG_WARN_CONSTANT_CONVERSION = YES;
				CLANG_WARN_DEPRECATED_OBJC_IMPLEMENTATIONS = YES;
				CLANG_WARN_DIRECT_OBJC_ISA_USAGE = YES_ERROR;
				CLANG_WARN_DOCUMENTATION_COMMENTS = YES;
				CLANG_WARN_EMPTY_BODY = YES;
				CLANG_WARN_ENUM_CONVERSION = YES;
				CLANG_WARN_INFINITE_RECURSION = YES;
				CLANG_WARN_INT_CONVERSION = YES;
				CLANG_WARN_NON_LITERAL_NULL_CONVERSION = YES;
				CLANG_WARN_OBJC_IMPLICIT_RETAIN_SELF = YES;
				CLANG_WARN_OBJC_LITERAL_CONVERSION = YES;
				CLANG_WARN_OBJC_ROOT_CLASS = YES_ERROR;
				CLANG_WARN_QUOTED_INCLUDE_IN_FRAMEWORK_HEADER = YES;
				CLANG_WARN_RANGE_LOOP_ANALYSIS = YES;
				CLANG_WARN_STRICT_PROTOTYPES = YES;
				CLANG_WARN_SUSPICIOUS_MOVE = YES;
				CLANG_WARN_UNGUARDED_AVAILABILITY = YES_AGGRESSIVE;
				CLANG_WARN_UNREACHABLE_CODE = YES;
				CLANG_WARN__DUPLICATE_METHOD_MATCH = YES;
				COPY_PHASE_STRIP = NO;
				DEBUG_INFORMATION_FORMAT = dwarf;
				ENABLE_STRICT_OBJC_MSGSEND = YES;
				ENABLE_TESTABILITY = YES;
				GCC_C_LANGUAGE_STANDARD = gnu11;
				GCC_DYNAMIC_NO_PIC = NO;
				GCC_NO_COMMON_BLOCKS = YES;
				GCC_OPTIMIZATION_LEVEL = 0;
				GCC_PREPROCESSOR_DEFINITIONS = (
					"DEBUG=1",
					"$(inherited)",
				);
				GCC_WARN_64_TO_32_BIT_CONVERSION = YES;
				GCC_WARN_ABOUT_RETURN_TYPE = YES_ERROR;
				GCC_WARN_UNDECLARED_SELECTOR = YES;
				GCC_WARN_UNINITIALIZED_AUTOS = YES_AGGRESSIVE;
				GCC_WARN_UNUSED_FUNCTION = YES;
				GCC_WARN_UNUSED_VARIABLE = YES;
				IPHONEOS_DEPLOYMENT_TARGET = 15.5;
				MTL_ENABLE_DEBUG_INFO = INCLUDE_SOURCE;
				MTL_FAST_MATH = YES;
				ONLY_ACTIVE_ARCH = YES;
				SDKROOT = iphoneos;
				SWIFT_ACTIVE_COMPILATION_CONDITIONS = DEBUG;
				SWIFT_OPTIMIZATION_LEVEL = "-Onone";
			};
			name = Debug;
		};
		64F88B92287266AE00C1008A /* Release */ = {
			isa = XCBuildConfiguration;
			buildSettings = {
				ALWAYS_SEARCH_USER_PATHS = NO;
				CLANG_ANALYZER_NONNULL = YES;
				CLANG_ANALYZER_NUMBER_OBJECT_CONVERSION = YES_AGGRESSIVE;
				CLANG_CXX_LANGUAGE_STANDARD = "gnu++17";
				CLANG_ENABLE_MODULES = YES;
				CLANG_ENABLE_OBJC_ARC = YES;
				CLANG_ENABLE_OBJC_WEAK = YES;
				CLANG_WARN_BLOCK_CAPTURE_AUTORELEASING = YES;
				CLANG_WARN_BOOL_CONVERSION = YES;
				CLANG_WARN_COMMA = YES;
				CLANG_WARN_CONSTANT_CONVERSION = YES;
				CLANG_WARN_DEPRECATED_OBJC_IMPLEMENTATIONS = YES;
				CLANG_WARN_DIRECT_OBJC_ISA_USAGE = YES_ERROR;
				CLANG_WARN_DOCUMENTATION_COMMENTS = YES;
				CLANG_WARN_EMPTY_BODY = YES;
				CLANG_WARN_ENUM_CONVERSION = YES;
				CLANG_WARN_INFINITE_RECURSION = YES;
				CLANG_WARN_INT_CONVERSION = YES;
				CLANG_WARN_NON_LITERAL_NULL_CONVERSION = YES;
				CLANG_WARN_OBJC_IMPLICIT_RETAIN_SELF = YES;
				CLANG_WARN_OBJC_LITERAL_CONVERSION = YES;
				CLANG_WARN_OBJC_ROOT_CLASS = YES_ERROR;
				CLANG_WARN_QUOTED_INCLUDE_IN_FRAMEWORK_HEADER = YES;
				CLANG_WARN_RANGE_LOOP_ANALYSIS = YES;
				CLANG_WARN_STRICT_PROTOTYPES = YES;
				CLANG_WARN_SUSPICIOUS_MOVE = YES;
				CLANG_WARN_UNGUARDED_AVAILABILITY = YES_AGGRESSIVE;
				CLANG_WARN_UNREACHABLE_CODE = YES;
				CLANG_WARN__DUPLICATE_METHOD_MATCH = YES;
				COPY_PHASE_STRIP = NO;
				DEBUG_INFORMATION_FORMAT = "dwarf-with-dsym";
				ENABLE_NS_ASSERTIONS = NO;
				ENABLE_STRICT_OBJC_MSGSEND = YES;
				GCC_C_LANGUAGE_STANDARD = gnu11;
				GCC_NO_COMMON_BLOCKS = YES;
				GCC_WARN_64_TO_32_BIT_CONVERSION = YES;
				GCC_WARN_ABOUT_RETURN_TYPE = YES_ERROR;
				GCC_WARN_UNDECLARED_SELECTOR = YES;
				GCC_WARN_UNINITIALIZED_AUTOS = YES_AGGRESSIVE;
				GCC_WARN_UNUSED_FUNCTION = YES;
				GCC_WARN_UNUSED_VARIABLE = YES;
				IPHONEOS_DEPLOYMENT_TARGET = 15.5;
				MTL_ENABLE_DEBUG_INFO = NO;
				MTL_FAST_MATH = YES;
				SDKROOT = iphoneos;
				SWIFT_COMPILATION_MODE = wholemodule;
				SWIFT_OPTIMIZATION_LEVEL = "-O";
				VALIDATE_PRODUCT = YES;
			};
			name = Release;
		};
		64F88B94287266AE00C1008A /* Debug */ = {
			isa = XCBuildConfiguration;
			buildSettings = {
				ASSETCATALOG_COMPILER_APPICON_NAME = AppIcon;
				ASSETCATALOG_COMPILER_GLOBAL_ACCENT_COLOR_NAME = AccentColor;
				CODE_SIGN_STYLE = Automatic;
				CURRENT_PROJECT_VERSION = 1;
				DEVELOPMENT_ASSET_PATHS = "\"Animated/Preview Content\"";
				DEVELOPMENT_TEAM = 2XUFV8QBCV;
				ENABLE_PREVIEWS = YES;
				GENERATE_INFOPLIST_FILE = YES;
				INFOPLIST_FILE = Animated/Info.plist;
				INFOPLIST_KEY_UIApplicationSceneManifest_Generation = YES;
				INFOPLIST_KEY_UIApplicationSupportsIndirectInputEvents = YES;
				INFOPLIST_KEY_UILaunchScreen_Generation = YES;
				INFOPLIST_KEY_UISupportedInterfaceOrientations_iPad = "UIInterfaceOrientationPortrait UIInterfaceOrientationPortraitUpsideDown UIInterfaceOrientationLandscapeLeft UIInterfaceOrientationLandscapeRight";
				INFOPLIST_KEY_UISupportedInterfaceOrientations_iPhone = "UIInterfaceOrientationPortrait UIInterfaceOrientationLandscapeLeft UIInterfaceOrientationLandscapeRight";
				LD_RUNPATH_SEARCH_PATHS = (
					"$(inherited)",
					"@executable_path/Frameworks",
				);
				MARKETING_VERSION = 1.0;
				PRODUCT_BUNDLE_IDENTIFIER = com.manuelduarte077.Animated;
				PRODUCT_NAME = "$(TARGET_NAME)";
				SWIFT_EMIT_LOC_STRINGS = YES;
				SWIFT_VERSION = 5.0;
				TARGETED_DEVICE_FAMILY = "1,2";
			};
			name = Debug;
		};
		64F88B95287266AE00C1008A /* Release */ = {
			isa = XCBuildConfiguration;
			buildSettings = {
				ASSETCATALOG_COMPILER_APPICON_NAME = AppIcon;
				ASSETCATALOG_COMPILER_GLOBAL_ACCENT_COLOR_NAME = AccentColor;
				CODE_SIGN_STYLE = Automatic;
				CURRENT_PROJECT_VERSION = 1;
				DEVELOPMENT_ASSET_PATHS = "\"Animated/Preview Content\"";
				DEVELOPMENT_TEAM = 2XUFV8QBCV;
				ENABLE_PREVIEWS = YES;
				GENERATE_INFOPLIST_FILE = YES;
				INFOPLIST_FILE = Animated/Info.plist;
				INFOPLIST_KEY_UIApplicationSceneManifest_Generation = YES;
				INFOPLIST_KEY_UIApplicationSupportsIndirectInputEvents = YES;
				INFOPLIST_KEY_UILaunchScreen_Generation = YES;
				INFOPLIST_KEY_UISupportedInterfaceOrientations_iPad = "UIInterfaceOrientationPortrait UIInterfaceOrientationPortraitUpsideDown UIInterfaceOrientationLandscapeLeft UIInterfaceOrientationLandscapeRight";
				INFOPLIST_KEY_UISupportedInterfaceOrientations_iPhone = "UIInterfaceOrientationPortrait UIInterfaceOrientationLandscapeLeft UIInterfaceOrientationLandscapeRight";
				LD_RUNPATH_SEARCH_PATHS = (
					"$(inherited)",
					"@executable_path/Frameworks",
				);
				MARKETING_VERSION = 1.0;
				PRODUCT_BUNDLE_IDENTIFIER = com.manuelduarte077.Animated;
				PRODUCT_NAME = "$(TARGET_NAME)";
				SWIFT_EMIT_LOC_STRINGS = YES;
				SWIFT_VERSION = 5.0;
				TARGETED_DEVICE_FAMILY = "1,2";
			};
			name = Release;
		};
/* End XCBuildConfiguration section */

/* Begin XCConfigurationList section */
		64F88B80287266AB00C1008A /* Build configuration list for PBXProject "Animated" */ = {
			isa = XCConfigurationList;
			buildConfigurations = (
				64F88B91287266AE00C1008A /* Debug */,
				64F88B92287266AE00C1008A /* Release */,
			);
			defaultConfigurationIsVisible = 0;
			defaultConfigurationName = Release;
		};
		64F88B93287266AE00C1008A /* Build configuration list for PBXNativeTarget "Animated" */ = {
			isa = XCConfigurationList;
			buildConfigurations = (
				64F88B94287266AE00C1008A /* Debug */,
				64F88B95287266AE00C1008A /* Release */,
			);
			defaultConfigurationIsVisible = 0;
			defaultConfigurationName = Release;
		};
/* End XCConfigurationList section */

/* Begin XCRemoteSwiftPackageReference section */
		64F88BA5287269A800C1008A /* XCRemoteSwiftPackageReference "rive-ios" */ = {
			isa = XCRemoteSwiftPackageReference;
			repositoryURL = "https://github.com/rive-app/rive-ios";
			requirement = {
				branch = main;
				kind = branch;
			};
		};
/* End XCRemoteSwiftPackageReference section */

/* Begin XCSwiftPackageProductDependency section */
		64F88BA6287269A800C1008A /* RiveRuntime */ = {
			isa = XCSwiftPackageProductDependency;
			package = 64F88BA5287269A800C1008A /* XCRemoteSwiftPackageReference "rive-ios" */;
			productName = RiveRuntime;
		};
/* End XCSwiftPackageProductDependency section */
	};
	rootObject = 64F88B7D287266AB00C1008A /* Project object */;
}
